
Microsoft Visual Studio Solution File, Format Version 12.00
# Visual Studio Version 17
VisualStudioVersion = 17.14.36414.22 d17.14
MinimumVisualStudioVersion = 10.0.40219.1
Project("{FAE04EC0-301F-11D3-BF4B-00C04F79EFBC}") = "Student Grade Management System", "Student Grade Management System\Student Grade Management System.csproj", "{93EE4D51-D359-4EE4-B8E2-DE34668C6E42}"
EndProject
Global
	GlobalSection(SolutionConfigurationPlatforms) = preSolution
		Debug|Any CPU = Debug|Any CPU
		Release|Any CPU = Release|Any CPU
	EndGlobalSection
	GlobalSection(ProjectConfigurationPlatforms) = postSolution
		{93EE4D51-D359-4EE4-B8E2-DE34668C6E42}.Debug|Any CPU.ActiveCfg = Debug|Any CPU
		{93EE4D51-D359-4EE4-B8E2-DE34668C6E42}.Debug|Any CPU.Build.0 = Debug|Any CPU
		{93EE4D51-D359-4EE4-B8E2-DE34668C6E42}.Release|Any CPU.ActiveCfg = Release|Any CPU
		{93EE4D51-D359-4EE4-B8E2-DE34668C6E42}.Release|Any CPU.Build.0 = Release|Any CPU
	EndGlobalSection
	GlobalSection(SolutionProperties) = preSolution
		HideSolutionNode = FALSE
	EndGlobalSection
	GlobalSection(ExtensibilityGlobals) = postSolution
		SolutionGuid = {E03BAE5E-8BFD-4680-9899-5FA837CC00D6}
	EndGlobalSection
EndGlobal
